
Microsoft Visual Studio Solution File, Format Version 12.00
# Visual Studio Version 17
VisualStudioVersion = 17.4.33213.308
MinimumVisualStudioVersion = 10.0.40219.1
Project("{FAE04EC0-301F-11D3-BF4B-00C04F79EFBC}") = "Lab_13", "Lab_13.csproj", "{7A6BC6AB-2E0C-4455-91A8-DCAE35E4842A}"
EndProject
Global
	GlobalSection(SolutionConfigurationPlatforms) = preSolution
		Debug|Any CPU = Debug|Any CPU
		Release|Any CPU = Release|Any CPU
	EndGlobalSection
	GlobalSection(ProjectConfigurationPlatforms) = postSolution
		{7A6BC6AB-2E0C-4455-91A8-DCAE35E4842A}.Debug|Any CPU.ActiveCfg = Debug|Any CPU
		{7A6BC6AB-2E0C-4455-91A8-DCAE35E4842A}.Debug|Any CPU.Build.0 = Debug|Any CPU
		{7A6BC6AB-2E0C-4455-91A8-DCAE35E4842A}.Release|Any CPU.ActiveCfg = Release|Any CPU
		{7A6BC6AB-2E0C-4455-91A8-DCAE35E4842A}.Release|Any CPU.Build.0 = Release|Any CPU
	EndGlobalSection
	GlobalSection(SolutionProperties) = preSolution
		HideSolutionNode = FALSE
	EndGlobalSection
	GlobalSection(ExtensibilityGlobals) = postSolution
		SolutionGuid = {0FE4DB53-E68C-46E6-B2B3-A6B986441BAB}
	EndGlobalSection
EndGlobal
