
Microsoft Visual Studio Solution File, Format Version 12.00
# Visual Studio Version 17
VisualStudioVersion = 17.4.33213.308
MinimumVisualStudioVersion = 10.0.40219.1
Project("{FAE04EC0-301F-11D3-BF4B-00C04F79EFBC}") = "Lab5", "Lab5.csproj", "{4A9A1C72-BAD5-4906-827D-5C5CCEF2EC66}"
EndProject
Global
	GlobalSection(SolutionConfigurationPlatforms) = preSolution
		Debug|Any CPU = Debug|Any CPU
		Release|Any CPU = Release|Any CPU
	EndGlobalSection
	GlobalSection(ProjectConfigurationPlatforms) = postSolution
		{4A9A1C72-BAD5-4906-827D-5C5CCEF2EC66}.Debug|Any CPU.ActiveCfg = Debug|Any CPU
		{4A9A1C72-BAD5-4906-827D-5C5CCEF2EC66}.Debug|Any CPU.Build.0 = Debug|Any CPU
		{4A9A1C72-BAD5-4906-827D-5C5CCEF2EC66}.Release|Any CPU.ActiveCfg = Release|Any CPU
		{4A9A1C72-BAD5-4906-827D-5C5CCEF2EC66}.Release|Any CPU.Build.0 = Release|Any CPU
	EndGlobalSection
	GlobalSection(SolutionProperties) = preSolution
		HideSolutionNode = FALSE
	EndGlobalSection
	GlobalSection(ExtensibilityGlobals) = postSolution
		SolutionGuid = {C13839B8-F852-436F-B58A-FAE6B2C8F411}
	EndGlobalSection
EndGlobal
